
Microsoft Visual Studio Solution File, Format Version 10.00
# Visual Studio 2008
Project("{8BC9CEB8-8B4A-11D0-8D11-00A0C91BC942}") = "client", "client.vcproj", "{DD972599-77B6-492C-8AD2-1958B0D0E320}"
EndProject
Project("{8BC9CEB8-8B4A-11D0-8D11-00A0C91BC942}") = "server", "server.vcproj", "{78ED208A-2DFA-426E-83E0-11EA6FFE10C2}"
EndProject
Project("{8BC9CEB8-8B4A-11D0-8D11-00A0C91BC942}") = "client_bot", "client_bot.vcproj", "{6A42AA0A-06E7-484A-A38C-B3EA85F95D03}"
EndProject
Project("{8BC9CEB8-8B4A-11D0-8D11-00A0C91BC942}") = "server_multi", "multiserver.vcproj", "{2121BDB6-84C9-43A1-BF5A-16681A242A9C}"
EndProject
Project("{8BC9CEB8-8B4A-11D0-8D11-00A0C91BC942}") = "server_aoi", "aoiserver.vcproj", "{6D9FDEE0-1F58-43AE-ABA7-619BAD744DD2}"
EndProject
Global
	GlobalSection(SolutionConfigurationPlatforms) = preSolution
		Debug|Win32 = Debug|Win32
		Release|Win32 = Release|Win32
	EndGlobalSection
	GlobalSection(ProjectConfigurationPlatforms) = postSolution
		{DD972599-77B6-492C-8AD2-1958B0D0E320}.Debug|Win32.ActiveCfg = Debug|Win32
		{DD972599-77B6-492C-8AD2-1958B0D0E320}.Debug|Win32.Build.0 = Debug|Win32
		{DD972599-77B6-492C-8AD2-1958B0D0E320}.Release|Win32.ActiveCfg = Release|Win32
		{DD972599-77B6-492C-8AD2-1958B0D0E320}.Release|Win32.Build.0 = Release|Win32
		{78ED208A-2DFA-426E-83E0-11EA6FFE10C2}.Debug|Win32.ActiveCfg = Debug|Win32
		{78ED208A-2DFA-426E-83E0-11EA6FFE10C2}.Release|Win32.ActiveCfg = Release|Win32
		{78ED208A-2DFA-426E-83E0-11EA6FFE10C2}.Release|Win32.Build.0 = Release|Win32
		{6A42AA0A-06E7-484A-A38C-B3EA85F95D03}.Debug|Win32.ActiveCfg = Debug|Win32
		{6A42AA0A-06E7-484A-A38C-B3EA85F95D03}.Debug|Win32.Build.0 = Debug|Win32
		{6A42AA0A-06E7-484A-A38C-B3EA85F95D03}.Release|Win32.ActiveCfg = Release|Win32
		{6A42AA0A-06E7-484A-A38C-B3EA85F95D03}.Release|Win32.Build.0 = Release|Win32
		{2121BDB6-84C9-43A1-BF5A-16681A242A9C}.Debug|Win32.ActiveCfg = Debug|Win32
		{2121BDB6-84C9-43A1-BF5A-16681A242A9C}.Debug|Win32.Build.0 = Debug|Win32
		{2121BDB6-84C9-43A1-BF5A-16681A242A9C}.Release|Win32.ActiveCfg = Release|Win32
		{2121BDB6-84C9-43A1-BF5A-16681A242A9C}.Release|Win32.Build.0 = Release|Win32
		{6D9FDEE0-1F58-43AE-ABA7-619BAD744DD2}.Debug|Win32.ActiveCfg = Debug|Win32
		{6D9FDEE0-1F58-43AE-ABA7-619BAD744DD2}.Release|Win32.ActiveCfg = Release|Win32
		{6D9FDEE0-1F58-43AE-ABA7-619BAD744DD2}.Release|Win32.Build.0 = Release|Win32
	EndGlobalSection
	GlobalSection(SolutionProperties) = preSolution
		HideSolutionNode = FALSE
	EndGlobalSection
EndGlobal
