
Microsoft Visual Studio Solution File, Format Version 10.00
# Visual Studio 2008
Project("{8BC9CEB8-8B4A-11D0-8D11-00A0C91BC942}") = "client", "client.vcproj", "{DD972599-77B6-492C-8AD2-1958B0D0E320}"
EndProject
Project("{8BC9CEB8-8B4A-11D0-8D11-00A0C91BC942}") = "server", "server.vcproj", "{78ED208A-2DFA-426E-83E0-11EA6FFE10C2}"
EndProject
Global
	GlobalSection(SolutionConfigurationPlatforms) = preSolution
		Debug|Win32 = Debug|Win32
		Release|Win32 = Release|Win32
	EndGlobalSection
	GlobalSection(ProjectConfigurationPlatforms) = postSolution
		{DD972599-77B6-492C-8AD2-1958B0D0E320}.Debug|Win32.ActiveCfg = Debug|Win32
		{DD972599-77B6-492C-8AD2-1958B0D0E320}.Debug|Win32.Build.0 = Debug|Win32
		{DD972599-77B6-492C-8AD2-1958B0D0E320}.Release|Win32.ActiveCfg = Release|Win32
		{DD972599-77B6-492C-8AD2-1958B0D0E320}.Release|Win32.Build.0 = Release|Win32
		{78ED208A-2DFA-426E-83E0-11EA6FFE10C2}.Debug|Win32.ActiveCfg = Debug|Win32
		{78ED208A-2DFA-426E-83E0-11EA6FFE10C2}.Debug|Win32.Build.0 = Debug|Win32
		{78ED208A-2DFA-426E-83E0-11EA6FFE10C2}.Release|Win32.ActiveCfg = Release|Win32
		{78ED208A-2DFA-426E-83E0-11EA6FFE10C2}.Release|Win32.Build.0 = Release|Win32
	EndGlobalSection
	GlobalSection(SolutionProperties) = preSolution
		HideSolutionNode = FALSE
	EndGlobalSection
EndGlobal
