
Microsoft Visual Studio Solution File, Format Version 10.00
# Visual Studio 2008
Project("{8BC9CEB8-8B4A-11D0-8D11-00A0C91BC942}") = "lockTest", "lockTest.vcproj", "{7B1C90CF-4F9F-4394-B4C1-16D62FA5EECD}"
EndProject
Global
	GlobalSection(SolutionConfigurationPlatforms) = preSolution
		Debug|Win32 = Debug|Win32
		Release|Win32 = Release|Win32
	EndGlobalSection
	GlobalSection(ProjectConfigurationPlatforms) = postSolution
		{7B1C90CF-4F9F-4394-B4C1-16D62FA5EECD}.Debug|Win32.ActiveCfg = Debug|Win32
		{7B1C90CF-4F9F-4394-B4C1-16D62FA5EECD}.Debug|Win32.Build.0 = Debug|Win32
		{7B1C90CF-4F9F-4394-B4C1-16D62FA5EECD}.Release|Win32.ActiveCfg = Release|Win32
		{7B1C90CF-4F9F-4394-B4C1-16D62FA5EECD}.Release|Win32.Build.0 = Release|Win32
	EndGlobalSection
	GlobalSection(SolutionProperties) = preSolution
		HideSolutionNode = FALSE
	EndGlobalSection
EndGlobal
